
Microsoft Visual Studio Solution File, Format Version 12.00
# Visual Studio Version 17
VisualStudioVersion = 17.5.33424.131
MinimumVisualStudioVersion = 10.0.40219.1
Project("{9A19103F-16F7-4668-BE54-9A1E7A4F7556}") = "IFS.AD.ConsoleApps.ManageCognitiveServices", "IFS.AD.ConsoleApps.ManageCognitiveServices\IFS.AD.ConsoleApps.ManageCognitiveServices.csproj", "{71646F62-6FD2-4DE1-A714-1FBEA428FBB1}"
EndProject
Project("{9A19103F-16F7-4668-BE54-9A1E7A4F7556}") = "IFS.AD.FunctionApps.AnomalyDetectorInvoker", "IFS.AD.FunctionApps.AnomalyDetectorInvoker\IFS.AD.FunctionApps.AnomalyDetectorInvoker.csproj", "{F64AA3D8-C0B7-4366-975E-DB4C4BCBFA4E}"
EndProject
Project("{9A19103F-16F7-4668-BE54-9A1E7A4F7556}") = "IFS.AD.FunctionApps.IotMessageAggregator", "IFS.AD.FunctionApps.IotMessageAggregator\IFS.AD.FunctionApps.IotMessageAggregator.csproj", "{A0625571-961D-4869-B2DC-61241C985CF3}"
EndProject
Project("{9A19103F-16F7-4668-BE54-9A1E7A4F7556}") = "IFS.AD.FunctionApps.Shared", "IFS.AD.FunctionApps.Shared\IFS.AD.FunctionApps.Shared.csproj", "{CBDDA667-4653-49A4-8B6C-61194F4C6F11}"
EndProject
Global
	GlobalSection(SolutionConfigurationPlatforms) = preSolution
		Debug|Any CPU = Debug|Any CPU
		Release|Any CPU = Release|Any CPU
	EndGlobalSection
	GlobalSection(ProjectConfigurationPlatforms) = postSolution
		{71646F62-6FD2-4DE1-A714-1FBEA428FBB1}.Debug|Any CPU.ActiveCfg = Debug|Any CPU
		{71646F62-6FD2-4DE1-A714-1FBEA428FBB1}.Debug|Any CPU.Build.0 = Debug|Any CPU
		{71646F62-6FD2-4DE1-A714-1FBEA428FBB1}.Release|Any CPU.ActiveCfg = Release|Any CPU
		{71646F62-6FD2-4DE1-A714-1FBEA428FBB1}.Release|Any CPU.Build.0 = Release|Any CPU
		{F64AA3D8-C0B7-4366-975E-DB4C4BCBFA4E}.Debug|Any CPU.ActiveCfg = Debug|Any CPU
		{F64AA3D8-C0B7-4366-975E-DB4C4BCBFA4E}.Debug|Any CPU.Build.0 = Debug|Any CPU
		{F64AA3D8-C0B7-4366-975E-DB4C4BCBFA4E}.Release|Any CPU.ActiveCfg = Release|Any CPU
		{F64AA3D8-C0B7-4366-975E-DB4C4BCBFA4E}.Release|Any CPU.Build.0 = Release|Any CPU
		{A0625571-961D-4869-B2DC-61241C985CF3}.Debug|Any CPU.ActiveCfg = Debug|Any CPU
		{A0625571-961D-4869-B2DC-61241C985CF3}.Debug|Any CPU.Build.0 = Debug|Any CPU
		{A0625571-961D-4869-B2DC-61241C985CF3}.Release|Any CPU.ActiveCfg = Release|Any CPU
		{A0625571-961D-4869-B2DC-61241C985CF3}.Release|Any CPU.Build.0 = Release|Any CPU
		{CBDDA667-4653-49A4-8B6C-61194F4C6F11}.Debug|Any CPU.ActiveCfg = Debug|Any CPU
		{CBDDA667-4653-49A4-8B6C-61194F4C6F11}.Debug|Any CPU.Build.0 = Debug|Any CPU
		{CBDDA667-4653-49A4-8B6C-61194F4C6F11}.Release|Any CPU.ActiveCfg = Release|Any CPU
		{CBDDA667-4653-49A4-8B6C-61194F4C6F11}.Release|Any CPU.Build.0 = Release|Any CPU
	EndGlobalSection
	GlobalSection(SolutionProperties) = preSolution
		HideSolutionNode = FALSE
	EndGlobalSection
	GlobalSection(ExtensibilityGlobals) = postSolution
		SolutionGuid = {AB39B688-0E93-40DD-ACD0-E44DEB26C094}
	EndGlobalSection
EndGlobal
